
Microsoft Visual Studio Solution File, Format Version 12.00
# Visual Studio Version 17
VisualStudioVersion = 17.8.34112.27
MinimumVisualStudioVersion = 10.0.40219.1
Project("{9A19103F-16F7-4668-BE54-9A1E7A4F7556}") = "Laurel_site", "Laurel_site\Laurel_site.csproj", "{FE5E3B92-B0D3-48A2-9382-707FA4041CC3}"
EndProject
Project("{9A19103F-16F7-4668-BE54-9A1E7A4F7556}") = "MailTest", "MailTest\MailTest.csproj", "{02EB7D61-8044-4C20-9D08-41B44BD778E0}"
EndProject
Project("{2150E333-8FDC-42A3-9474-1A3956D46DE8}") = "Solution Items", "Solution Items", "{F6A15726-026B-4A8A-A839-C7B7DED43F9C}"
	ProjectSection(SolutionItems) = preProject
		README.txt = README.txt
	EndProjectSection
EndProject
Project("{FAE04EC0-301F-11D3-BF4B-00C04F79EFBC}") = "LocationLib", "ZipLib\LocationLib.csproj", "{D8EBF604-0920-4E8B-B02B-8967283C3AAD}"
EndProject
Project("{FAE04EC0-301F-11D3-BF4B-00C04F79EFBC}") = "ZipTest", "ZipTest\ZipTest.csproj", "{A5959B6D-2C23-4C7C-A8D2-E94EF3BF9ACC}"
EndProject
Global
	GlobalSection(SolutionConfigurationPlatforms) = preSolution
		Debug|Any CPU = Debug|Any CPU
		Release|Any CPU = Release|Any CPU
	EndGlobalSection
	GlobalSection(ProjectConfigurationPlatforms) = postSolution
		{FE5E3B92-B0D3-48A2-9382-707FA4041CC3}.Debug|Any CPU.ActiveCfg = Debug|Any CPU
		{FE5E3B92-B0D3-48A2-9382-707FA4041CC3}.Debug|Any CPU.Build.0 = Debug|Any CPU
		{FE5E3B92-B0D3-48A2-9382-707FA4041CC3}.Release|Any CPU.ActiveCfg = Release|Any CPU
		{FE5E3B92-B0D3-48A2-9382-707FA4041CC3}.Release|Any CPU.Build.0 = Release|Any CPU
		{02EB7D61-8044-4C20-9D08-41B44BD778E0}.Debug|Any CPU.ActiveCfg = Debug|Any CPU
		{02EB7D61-8044-4C20-9D08-41B44BD778E0}.Debug|Any CPU.Build.0 = Debug|Any CPU
		{02EB7D61-8044-4C20-9D08-41B44BD778E0}.Release|Any CPU.ActiveCfg = Release|Any CPU
		{02EB7D61-8044-4C20-9D08-41B44BD778E0}.Release|Any CPU.Build.0 = Release|Any CPU
		{D8EBF604-0920-4E8B-B02B-8967283C3AAD}.Debug|Any CPU.ActiveCfg = Debug|Any CPU
		{D8EBF604-0920-4E8B-B02B-8967283C3AAD}.Debug|Any CPU.Build.0 = Debug|Any CPU
		{D8EBF604-0920-4E8B-B02B-8967283C3AAD}.Release|Any CPU.ActiveCfg = Release|Any CPU
		{D8EBF604-0920-4E8B-B02B-8967283C3AAD}.Release|Any CPU.Build.0 = Release|Any CPU
		{A5959B6D-2C23-4C7C-A8D2-E94EF3BF9ACC}.Debug|Any CPU.ActiveCfg = Debug|Any CPU
		{A5959B6D-2C23-4C7C-A8D2-E94EF3BF9ACC}.Debug|Any CPU.Build.0 = Debug|Any CPU
		{A5959B6D-2C23-4C7C-A8D2-E94EF3BF9ACC}.Release|Any CPU.ActiveCfg = Release|Any CPU
		{A5959B6D-2C23-4C7C-A8D2-E94EF3BF9ACC}.Release|Any CPU.Build.0 = Release|Any CPU
	EndGlobalSection
	GlobalSection(SolutionProperties) = preSolution
		HideSolutionNode = FALSE
	EndGlobalSection
	GlobalSection(ExtensibilityGlobals) = postSolution
		SolutionGuid = {065401B3-7AED-4425-8F81-2F3565EBA6D9}
	EndGlobalSection
EndGlobal
